
Microsoft Visual Studio Solution File, Format Version 12.00
# Visual Studio Version 16
VisualStudioVersion = 16.0.29519.87
MinimumVisualStudioVersion = 10.0.40219.1
Project("{9A19103F-16F7-4668-BE54-9A1E7A4F7556}") = "Digitizeit.Quartz.HostedService", "Digitizeit.Quartz.HostedService\Digitizeit.Quartz.HostedService.csproj", "{EC4C785A-F2EA-4E64-A744-9614A2E0B6B8}"
EndProject
Project("{9A19103F-16F7-4668-BE54-9A1E7A4F7556}") = "Digitizeit.Quartz.HostedService.Test", "Digitizeit.Quartz.HostedService.Test\Digitizeit.Quartz.HostedService.Test.csproj", "{952BA9D0-6B2E-4D17-8919-17313C8EBEE7}"
EndProject
Project("{2150E333-8FDC-42A3-9474-1A3956D46DE8}") = "Example", "Example", "{960EC8D3-71C7-4A4C-B5EC-0DE351437009}"
EndProject
Project("{9A19103F-16F7-4668-BE54-9A1E7A4F7556}") = "HostedServiceImplementation", "..\..\Example\HostedServiceImplementation\HostedServiceImplementation.csproj", "{7A36656A-A59C-45BB-AE96-54FAE5A3F34B}"
EndProject
Project("{9A19103F-16F7-4668-BE54-9A1E7A4F7556}") = "Quartz", "..\..\..\..\external\quartznet\src\Quartz\Quartz.csproj", "{51D3FDAE-9213-432D-ACED-B9275D702095}"
EndProject
Global
	GlobalSection(SolutionConfigurationPlatforms) = preSolution
		Debug|Any CPU = Debug|Any CPU
		Release|Any CPU = Release|Any CPU
	EndGlobalSection
	GlobalSection(ProjectConfigurationPlatforms) = postSolution
		{EC4C785A-F2EA-4E64-A744-9614A2E0B6B8}.Debug|Any CPU.ActiveCfg = Debug|Any CPU
		{EC4C785A-F2EA-4E64-A744-9614A2E0B6B8}.Debug|Any CPU.Build.0 = Debug|Any CPU
		{EC4C785A-F2EA-4E64-A744-9614A2E0B6B8}.Release|Any CPU.ActiveCfg = Release|Any CPU
		{EC4C785A-F2EA-4E64-A744-9614A2E0B6B8}.Release|Any CPU.Build.0 = Release|Any CPU
		{952BA9D0-6B2E-4D17-8919-17313C8EBEE7}.Debug|Any CPU.ActiveCfg = Debug|Any CPU
		{952BA9D0-6B2E-4D17-8919-17313C8EBEE7}.Debug|Any CPU.Build.0 = Debug|Any CPU
		{952BA9D0-6B2E-4D17-8919-17313C8EBEE7}.Release|Any CPU.ActiveCfg = Release|Any CPU
		{952BA9D0-6B2E-4D17-8919-17313C8EBEE7}.Release|Any CPU.Build.0 = Release|Any CPU
		{7A36656A-A59C-45BB-AE96-54FAE5A3F34B}.Debug|Any CPU.ActiveCfg = Debug|Any CPU
		{7A36656A-A59C-45BB-AE96-54FAE5A3F34B}.Debug|Any CPU.Build.0 = Debug|Any CPU
		{7A36656A-A59C-45BB-AE96-54FAE5A3F34B}.Release|Any CPU.ActiveCfg = Release|Any CPU
		{7A36656A-A59C-45BB-AE96-54FAE5A3F34B}.Release|Any CPU.Build.0 = Release|Any CPU
		{51D3FDAE-9213-432D-ACED-B9275D702095}.Debug|Any CPU.ActiveCfg = Debug|Any CPU
		{51D3FDAE-9213-432D-ACED-B9275D702095}.Debug|Any CPU.Build.0 = Debug|Any CPU
		{51D3FDAE-9213-432D-ACED-B9275D702095}.Release|Any CPU.ActiveCfg = Release|Any CPU
		{51D3FDAE-9213-432D-ACED-B9275D702095}.Release|Any CPU.Build.0 = Release|Any CPU
	EndGlobalSection
	GlobalSection(SolutionProperties) = preSolution
		HideSolutionNode = FALSE
	EndGlobalSection
	GlobalSection(NestedProjects) = preSolution
		{7A36656A-A59C-45BB-AE96-54FAE5A3F34B} = {960EC8D3-71C7-4A4C-B5EC-0DE351437009}
	EndGlobalSection
	GlobalSection(ExtensibilityGlobals) = postSolution
		SolutionGuid = {AFF96183-276A-4D94-BC57-639C2F381EB7}
	EndGlobalSection
EndGlobal
